
Microsoft Visual Studio Solution File, Format Version 12.00
# Visual Studio Version 17
VisualStudioVersion = 17.0.32014.148
MinimumVisualStudioVersion = 10.0.40219.1
Project("{8BC9CEB8-8B4A-11D0-8D11-00A0C91BC942}") = "Thread", "Thread.vcxproj", "{61A1EA02-FB3C-472E-8B4E-B74765DBCC5E}"
EndProject
Global
	GlobalSection(SolutionConfigurationPlatforms) = preSolution
		Debug|x64 = Debug|x64
		Debug|x86 = Debug|x86
		Release|x64 = Release|x64
		Release|x86 = Release|x86
	EndGlobalSection
	GlobalSection(ProjectConfigurationPlatforms) = postSolution
		{61A1EA02-FB3C-472E-8B4E-B74765DBCC5E}.Debug|x64.ActiveCfg = Debug|x64
		{61A1EA02-FB3C-472E-8B4E-B74765DBCC5E}.Debug|x64.Build.0 = Debug|x64
		{61A1EA02-FB3C-472E-8B4E-B74765DBCC5E}.Debug|x86.ActiveCfg = Debug|Win32
		{61A1EA02-FB3C-472E-8B4E-B74765DBCC5E}.Debug|x86.Build.0 = Debug|Win32
		{61A1EA02-FB3C-472E-8B4E-B74765DBCC5E}.Release|x64.ActiveCfg = Release|x64
		{61A1EA02-FB3C-472E-8B4E-B74765DBCC5E}.Release|x64.Build.0 = Release|x64
		{61A1EA02-FB3C-472E-8B4E-B74765DBCC5E}.Release|x86.ActiveCfg = Release|Win32
		{61A1EA02-FB3C-472E-8B4E-B74765DBCC5E}.Release|x86.Build.0 = Release|Win32
	EndGlobalSection
	GlobalSection(SolutionProperties) = preSolution
		HideSolutionNode = FALSE
	EndGlobalSection
	GlobalSection(ExtensibilityGlobals) = postSolution
		SolutionGuid = {6D5784EA-B135-4A1D-A0B4-87FBA3F425B3}
	EndGlobalSection
EndGlobal
